
Microsoft Visual Studio Solution File, Format Version 12.00
# Visual Studio Version 17
VisualStudioVersion = 17.5.33502.453
MinimumVisualStudioVersion = 10.0.40219.1
Project("{8BC9CEB8-8B4A-11D0-8D11-00A0C91BC942}") = "Note", "Note\Note.vcxproj", "{1DA61234-00EC-45D0-8844-4E6546086DB1}"
EndProject
Global
	GlobalSection(SolutionConfigurationPlatforms) = preSolution
		Debug|x64 = Debug|x64
		Debug|x86 = Debug|x86
		Release|x64 = Release|x64
		Release|x86 = Release|x86
	EndGlobalSection
	GlobalSection(ProjectConfigurationPlatforms) = postSolution
		{1DA61234-00EC-45D0-8844-4E6546086DB1}.Debug|x64.ActiveCfg = Debug|x64
		{1DA61234-00EC-45D0-8844-4E6546086DB1}.Debug|x64.Build.0 = Debug|x64
		{1DA61234-00EC-45D0-8844-4E6546086DB1}.Debug|x86.ActiveCfg = Debug|Win32
		{1DA61234-00EC-45D0-8844-4E6546086DB1}.Debug|x86.Build.0 = Debug|Win32
		{1DA61234-00EC-45D0-8844-4E6546086DB1}.Release|x64.ActiveCfg = Release|x64
		{1DA61234-00EC-45D0-8844-4E6546086DB1}.Release|x64.Build.0 = Release|x64
		{1DA61234-00EC-45D0-8844-4E6546086DB1}.Release|x86.ActiveCfg = Release|Win32
		{1DA61234-00EC-45D0-8844-4E6546086DB1}.Release|x86.Build.0 = Release|Win32
	EndGlobalSection
	GlobalSection(SolutionProperties) = preSolution
		HideSolutionNode = FALSE
	EndGlobalSection
	GlobalSection(ExtensibilityGlobals) = postSolution
		SolutionGuid = {33A2A76D-7B4C-4783-BCC6-3EC770E34377}
	EndGlobalSection
EndGlobal
